# This file is automatically @generated by Cargo.
# It is not intended for manual editing.
[[package]]
name = "dep_test"
version = "0.1.0"
dependencies = [
 "publish_test",
]

[[package]]
name = "publish_test"
version = "0.1.0"
source = "registry+http://localhost:8080/registry/index.git"
checksum = "1158e54e803e13ad30e01b8fdeba901d8f8074c6dfcc795b8a63101868e433f2"
