# This file is automatically @generated by Cargo.
# It is not intended for manual editing.
[[package]]
name = "dep_test"
version = "0.1.0"
dependencies = [
 "publish_test",
]

[[package]]
name = "publish_test"
version = "0.1.0"
source = "registry+http://localhost:8080/registry/index.git"
checksum = "3403f24a2649defc59bdf8129bb7b133de6ce8c9c0a0c579ff0658434b99e4a4"
